// !$*UTF8*$!
{
	archiveVersion = 1;
	classes = {
	};
	objectVersion = 55;
	objects = {

/* Begin PBXBuildFile section */
		D33197592770CA34001F6CE2 /* LogInView.swift in Sources */ = {isa = PBXBuildFile; fileRef = D33197582770CA34001F6CE2 /* LogInView.swift */; };
		D36F9DC127563A1B005C8BC2 /* ScoutingNLApp.swift in Sources */ = {isa = PBXBuildFile; fileRef = D36F9DC027563A1B005C8BC2 /* ScoutingNLApp.swift */; };
		D36F9DC327563A1B005C8BC2 /* ContentView.swift in Sources */ = {isa = PBXBuildFile; fileRef = D36F9DC227563A1B005C8BC2 /* ContentView.swift */; };
		D36F9DC527563A1E005C8BC2 /* Assets.xcassets in Resources */ = {isa = PBXBuildFile; fileRef = D36F9DC427563A1E005C8BC2 /* Assets.xcassets */; };
		D36F9DC827563A1E005C8BC2 /* Preview Assets.xcassets in Resources */ = {isa = PBXBuildFile; fileRef = D36F9DC727563A1E005C8BC2 /* Preview Assets.xcassets */; };
		D36F9DD1275782F7005C8BC2 /* spelEnVisieView.swift in Sources */ = {isa = PBXBuildFile; fileRef = D36F9DD0275782F7005C8BC2 /* spelEnVisieView.swift */; };
		D36F9DD42757A1E5005C8BC2 /* scoutingInDeSamenlevingView.swift in Sources */ = {isa = PBXBuildFile; fileRef = D36F9DD32757A1E5005C8BC2 /* scoutingInDeSamenlevingView.swift */; };
		D36F9DD62758D5C5005C8BC2 /* DumpView.swift in Sources */ = {isa = PBXBuildFile; fileRef = D36F9DD52758D5C5005C8BC2 /* DumpView.swift */; };
		D36F9DDA2758DA80005C8BC2 /* ModulesDetailView.swift in Sources */ = {isa = PBXBuildFile; fileRef = D36F9DD92758DA80005C8BC2 /* ModulesDetailView.swift */; };
		D36F9DDF2758F831005C8BC2 /* BadgeView.swift in Sources */ = {isa = PBXBuildFile; fileRef = D36F9DDE2758F831005C8BC2 /* BadgeView.swift */; };
		D36F9DE12760ACBE005C8BC2 /* AgendaView.swift in Sources */ = {isa = PBXBuildFile; fileRef = D36F9DE02760ACBE005C8BC2 /* AgendaView.swift */; };
		D36F9DE32760ACE1005C8BC2 /* VriendenView.swift in Sources */ = {isa = PBXBuildFile; fileRef = D36F9DE22760ACE1005C8BC2 /* VriendenView.swift */; };
		D3FE1272276223DF00DE76EA /* ModulesView.swift in Sources */ = {isa = PBXBuildFile; fileRef = D3FE1271276223DF00DE76EA /* ModulesView.swift */; };
		D3FE12742762241E00DE76EA /* ProfielView.swift in Sources */ = {isa = PBXBuildFile; fileRef = D3FE12732762241E00DE76EA /* ProfielView.swift */; };
		D3FE127627622DE700DE76EA /* DataStore.swift in Sources */ = {isa = PBXBuildFile; fileRef = D3FE127527622DE700DE76EA /* DataStore.swift */; };
/* End PBXBuildFile section */

/* Begin PBXFileReference section */
		D33197582770CA34001F6CE2 /* LogInView.swift */ = {isa = PBXFileReference; lastKnownFileType = sourcecode.swift; path = LogInView.swift; sourceTree = "<group>"; };
		D36F9DBD27563A1B005C8BC2 /* scoutingNL.app */ = {isa = PBXFileReference; explicitFileType = wrapper.application; includeInIndex = 0; path = scoutingNL.app; sourceTree = BUILT_PRODUCTS_DIR; };
		D36F9DC027563A1B005C8BC2 /* ScoutingNLApp.swift */ = {isa = PBXFileReference; lastKnownFileType = sourcecode.swift; path = ScoutingNLApp.swift; sourceTree = "<group>"; };
		D36F9DC227563A1B005C8BC2 /* ContentView.swift */ = {isa = PBXFileReference; lastKnownFileType = sourcecode.swift; path = ContentView.swift; sourceTree = "<group>"; };
		D36F9DC427563A1E005C8BC2 /* Assets.xcassets */ = {isa = PBXFileReference; lastKnownFileType = folder.assetcatalog; path = Assets.xcassets; sourceTree = "<group>"; };
		D36F9DC727563A1E005C8BC2 /* Preview Assets.xcassets */ = {isa = PBXFileReference; lastKnownFileType = folder.assetcatalog; path = "Preview Assets.xcassets"; sourceTree = "<group>"; };
		D36F9DD0275782F7005C8BC2 /* spelEnVisieView.swift */ = {isa = PBXFileReference; lastKnownFileType = sourcecode.swift; path = spelEnVisieView.swift; sourceTree = "<group>"; };
		D36F9DD32757A1E5005C8BC2 /* scoutingInDeSamenlevingView.swift */ = {isa = PBXFileReference; lastKnownFileType = sourcecode.swift; path = scoutingInDeSamenlevingView.swift; sourceTree = "<group>"; };
		D36F9DD52758D5C5005C8BC2 /* DumpView.swift */ = {isa = PBXFileReference; lastKnownFileType = sourcecode.swift; path = DumpView.swift; sourceTree = "<group>"; };
		D36F9DD92758DA80005C8BC2 /* ModulesDetailView.swift */ = {isa = PBXFileReference; lastKnownFileType = sourcecode.swift; path = ModulesDetailView.swift; sourceTree = "<group>"; };
		D36F9DDE2758F831005C8BC2 /* BadgeView.swift */ = {isa = PBXFileReference; lastKnownFileType = sourcecode.swift; path = BadgeView.swift; sourceTree = "<group>"; };
		D36F9DE02760ACBE005C8BC2 /* AgendaView.swift */ = {isa = PBXFileReference; lastKnownFileType = sourcecode.swift; path = AgendaView.swift; sourceTree = "<group>"; };
		D36F9DE22760ACE1005C8BC2 /* VriendenView.swift */ = {isa = PBXFileReference; lastKnownFileType = sourcecode.swift; path = VriendenView.swift; sourceTree = "<group>"; };
		D3FE1271276223DF00DE76EA /* ModulesView.swift */ = {isa = PBXFileReference; lastKnownFileType = sourcecode.swift; path = ModulesView.swift; sourceTree = "<group>"; };
		D3FE12732762241E00DE76EA /* ProfielView.swift */ = {isa = PBXFileReference; lastKnownFileType = sourcecode.swift; path = ProfielView.swift; sourceTree = "<group>"; };
		D3FE127527622DE700DE76EA /* DataStore.swift */ = {isa = PBXFileReference; lastKnownFileType = sourcecode.swift; path = DataStore.swift; sourceTree = "<group>"; };
/* End PBXFileReference section */

/* Begin PBXFrameworksBuildPhase section */
		D36F9DBA27563A1B005C8BC2 /* Frameworks */ = {
			isa = PBXFrameworksBuildPhase;
			buildActionMask = 2147483647;
			files = (
			);
			runOnlyForDeploymentPostprocessing = 0;
		};
/* End PBXFrameworksBuildPhase section */

/* Begin PBXGroup section */
		D36F9DB427563A1B005C8BC2 = {
			isa = PBXGroup;
			children = (
				D36F9DBF27563A1B005C8BC2 /* scoutingNL */,
				D36F9DBE27563A1B005C8BC2 /* Products */,
			);
			sourceTree = "<group>";
		};
		D36F9DBE27563A1B005C8BC2 /* Products */ = {
			isa = PBXGroup;
			children = (
				D36F9DBD27563A1B005C8BC2 /* scoutingNL.app */,
			);
			name = Products;
			sourceTree = "<group>";
		};
		D36F9DBF27563A1B005C8BC2 /* scoutingNL */ = {
			isa = PBXGroup;
			children = (
				D36F9DC027563A1B005C8BC2 /* ScoutingNLApp.swift */,
				D36F9DC227563A1B005C8BC2 /* ContentView.swift */,
				D33197582770CA34001F6CE2 /* LogInView.swift */,
				D3FE12732762241E00DE76EA /* ProfielView.swift */,
				D3FE127527622DE700DE76EA /* DataStore.swift */,
				D36F9DDD2758F7CB005C8BC2 /* Bottombar */,
				D36F9DD92758DA80005C8BC2 /* ModulesDetailView.swift */,
				D36F9DD52758D5C5005C8BC2 /* DumpView.swift */,
				D36F9DD22757A166005C8BC2 /* Modules */,
				D36F9DC427563A1E005C8BC2 /* Assets.xcassets */,
				D36F9DC627563A1E005C8BC2 /* Preview Content */,
			);
			path = scoutingNL;
			sourceTree = "<group>";
		};
		D36F9DC627563A1E005C8BC2 /* Preview Content */ = {
			isa = PBXGroup;
			children = (
				D36F9DC727563A1E005C8BC2 /* Preview Assets.xcassets */,
			);
			path = "Preview Content";
			sourceTree = "<group>";
		};
		D36F9DD22757A166005C8BC2 /* Modules */ = {
			isa = PBXGroup;
			children = (
				D36F9DD0275782F7005C8BC2 /* spelEnVisieView.swift */,
				D36F9DD32757A1E5005C8BC2 /* scoutingInDeSamenlevingView.swift */,
			);
			path = Modules;
			sourceTree = "<group>";
		};
		D36F9DDD2758F7CB005C8BC2 /* Bottombar */ = {
			isa = PBXGroup;
			children = (
				D36F9DDE2758F831005C8BC2 /* BadgeView.swift */,
				D36F9DE02760ACBE005C8BC2 /* AgendaView.swift */,
				D36F9DE22760ACE1005C8BC2 /* VriendenView.swift */,
				D3FE1271276223DF00DE76EA /* ModulesView.swift */,
			);
			path = Bottombar;
			sourceTree = "<group>";
		};
/* End PBXGroup section */

/* Begin PBXNativeTarget section */
		D36F9DBC27563A1B005C8BC2 /* scoutingNL */ = {
			isa = PBXNativeTarget;
			buildConfigurationList = D36F9DCB27563A1E005C8BC2 /* Build configuration list for PBXNativeTarget "scoutingNL" */;
			buildPhases = (
				D36F9DB927563A1B005C8BC2 /* Sources */,
				D36F9DBA27563A1B005C8BC2 /* Frameworks */,
				D36F9DBB27563A1B005C8BC2 /* Resources */,
			);
			buildRules = (
			);
			dependencies = (
			);
			name = scoutingNL;
			productName = scoutingNL;
			productReference = D36F9DBD27563A1B005C8BC2 /* scoutingNL.app */;
			productType = "com.apple.product-type.application";
		};
/* End PBXNativeTarget section */

/* Begin PBXProject section */
		D36F9DB527563A1B005C8BC2 /* Project object */ = {
			isa = PBXProject;
			attributes = {
				BuildIndependentTargetsInParallel = 1;
				LastSwiftUpdateCheck = 1310;
				LastUpgradeCheck = 1310;
				TargetAttributes = {
					D36F9DBC27563A1B005C8BC2 = {
						CreatedOnToolsVersion = 13.1;
					};
				};
			};
			buildConfigurationList = D36F9DB827563A1B005C8BC2 /* Build configuration list for PBXProject "scoutingNL" */;
			compatibilityVersion = "Xcode 13.0";
			developmentRegion = en;
			hasScannedForEncodings = 0;
			knownRegions = (
				en,
				Base,
			);
			mainGroup = D36F9DB427563A1B005C8BC2;
			productRefGroup = D36F9DBE27563A1B005C8BC2 /* Products */;
			projectDirPath = "";
			projectRoot = "";
			targets = (
				D36F9DBC27563A1B005C8BC2 /* scoutingNL */,
			);
		};
/* End PBXProject section */

/* Begin PBXResourcesBuildPhase section */
		D36F9DBB27563A1B005C8BC2 /* Resources */ = {
			isa = PBXResourcesBuildPhase;
			buildActionMask = 2147483647;
			files = (
				D36F9DC827563A1E005C8BC2 /* Preview Assets.xcassets in Resources */,
				D36F9DC527563A1E005C8BC2 /* Assets.xcassets in Resources */,
			);
			runOnlyForDeploymentPostprocessing = 0;
		};
/* End PBXResourcesBuildPhase section */

/* Begin PBXSourcesBuildPhase section */
		D36F9DB927563A1B005C8BC2 /* Sources */ = {
			isa = PBXSourcesBuildPhase;
			buildActionMask = 2147483647;
			files = (
				D3FE12742762241E00DE76EA /* ProfielView.swift in Sources */,
				D3FE127627622DE700DE76EA /* DataStore.swift in Sources */,
				D36F9DDF2758F831005C8BC2 /* BadgeView.swift in Sources */,
				D36F9DD62758D5C5005C8BC2 /* DumpView.swift in Sources */,
				D36F9DD42757A1E5005C8BC2 /* scoutingInDeSamenlevingView.swift in Sources */,
				D36F9DD1275782F7005C8BC2 /* spelEnVisieView.swift in Sources */,
				D36F9DE32760ACE1005C8BC2 /* VriendenView.swift in Sources */,
				D36F9DC327563A1B005C8BC2 /* ContentView.swift in Sources */,
				D36F9DE12760ACBE005C8BC2 /* AgendaView.swift in Sources */,
				D36F9DDA2758DA80005C8BC2 /* ModulesDetailView.swift in Sources */,
				D36F9DC127563A1B005C8BC2 /* ScoutingNLApp.swift in Sources */,
				D3FE1272276223DF00DE76EA /* ModulesView.swift in Sources */,
				D33197592770CA34001F6CE2 /* LogInView.swift in Sources */,
			);
			runOnlyForDeploymentPostprocessing = 0;
		};
/* End PBXSourcesBuildPhase section */

/* Begin XCBuildConfiguration section */
		D36F9DC927563A1E005C8BC2 /* Debug */ = {
			isa = XCBuildConfiguration;
			buildSettings = {
				ALWAYS_SEARCH_USER_PATHS = NO;
				CLANG_ANALYZER_NONNULL = YES;
				CLANG_ANALYZER_NUMBER_OBJECT_CONVERSION = YES_AGGRESSIVE;
				CLANG_CXX_LANGUAGE_STANDARD = "gnu++17";
				CLANG_CXX_LIBRARY = "libc++";
				CLANG_ENABLE_MODULES = YES;
				CLANG_ENABLE_OBJC_ARC = YES;
				CLANG_ENABLE_OBJC_WEAK = YES;
				CLANG_WARN_BLOCK_CAPTURE_AUTORELEASING = YES;
				CLANG_WARN_BOOL_CONVERSION = YES;
				CLANG_WARN_COMMA = YES;
				CLANG_WARN_CONSTANT_CONVERSION = YES;
				CLANG_WARN_DEPRECATED_OBJC_IMPLEMENTATIONS = YES;
				CLANG_WARN_DIRECT_OBJC_ISA_USAGE = YES_ERROR;
				CLANG_WARN_DOCUMENTATION_COMMENTS = YES;
				CLANG_WARN_EMPTY_BODY = YES;
				CLANG_WARN_ENUM_CONVERSION = YES;
				CLANG_WARN_INFINITE_RECURSION = YES;
				CLANG_WARN_INT_CONVERSION = YES;
				CLANG_WARN_NON_LITERAL_NULL_CONVERSION = YES;
				CLANG_WARN_OBJC_IMPLICIT_RETAIN_SELF = YES;
				CLANG_WARN_OBJC_LITERAL_CONVERSION = YES;
				CLANG_WARN_OBJC_ROOT_CLASS = YES_ERROR;
				CLANG_WARN_QUOTED_INCLUDE_IN_FRAMEWORK_HEADER = YES;
				CLANG_WARN_RANGE_LOOP_ANALYSIS = YES;
				CLANG_WARN_STRICT_PROTOTYPES = YES;
				CLANG_WARN_SUSPICIOUS_MOVE = YES;
				CLANG_WARN_UNGUARDED_AVAILABILITY = YES_AGGRESSIVE;
				CLANG_WARN_UNREACHABLE_CODE = YES;
				CLANG_WARN__DUPLICATE_METHOD_MATCH = YES;
				COPY_PHASE_STRIP = NO;
				DEBUG_INFORMATION_FORMAT = dwarf;
				ENABLE_STRICT_OBJC_MSGSEND = YES;
				ENABLE_TESTABILITY = YES;
				GCC_C_LANGUAGE_STANDARD = gnu11;
				GCC_DYNAMIC_NO_PIC = NO;
				GCC_NO_COMMON_BLOCKS = YES;
				GCC_OPTIMIZATION_LEVEL = 0;
				GCC_PREPROCESSOR_DEFINITIONS = (
					"DEBUG=1",
					"$(inherited)",
				);
				GCC_WARN_64_TO_32_BIT_CONVERSION = YES;
				GCC_WARN_ABOUT_RETURN_TYPE = YES_ERROR;
				GCC_WARN_UNDECLARED_SELECTOR = YES;
				GCC_WARN_UNINITIALIZED_AUTOS = YES_AGGRESSIVE;
				GCC_WARN_UNUSED_FUNCTION = YES;
				GCC_WARN_UNUSED_VARIABLE = YES;
				IPHONEOS_DEPLOYMENT_TARGET = 15.0;
				MTL_ENABLE_DEBUG_INFO = INCLUDE_SOURCE;
				MTL_FAST_MATH = YES;
				ONLY_ACTIVE_ARCH = YES;
				SDKROOT = iphoneos;
				SWIFT_ACTIVE_COMPILATION_CONDITIONS = DEBUG;
				SWIFT_OPTIMIZATION_LEVEL = "-Onone";
			};
			name = Debug;
		};
		D36F9DCA27563A1E005C8BC2 /* Release */ = {
			isa = XCBuildConfiguration;
			buildSettings = {
				ALWAYS_SEARCH_USER_PATHS = NO;
				CLANG_ANALYZER_NONNULL = YES;
				CLANG_ANALYZER_NUMBER_OBJECT_CONVERSION = YES_AGGRESSIVE;
				CLANG_CXX_LANGUAGE_STANDARD = "gnu++17";
				CLANG_CXX_LIBRARY = "libc++";
				CLANG_ENABLE_MODULES = YES;
				CLANG_ENABLE_OBJC_ARC = YES;
				CLANG_ENABLE_OBJC_WEAK = YES;
				CLANG_WARN_BLOCK_CAPTURE_AUTORELEASING = YES;
				CLANG_WARN_BOOL_CONVERSION = YES;
				CLANG_WARN_COMMA = YES;
				CLANG_WARN_CONSTANT_CONVERSION = YES;
				CLANG_WARN_DEPRECATED_OBJC_IMPLEMENTATIONS = YES;
				CLANG_WARN_DIRECT_OBJC_ISA_USAGE = YES_ERROR;
				CLANG_WARN_DOCUMENTATION_COMMENTS = YES;
				CLANG_WARN_EMPTY_BODY = YES;
				CLANG_WARN_ENUM_CONVERSION = YES;
				CLANG_WARN_INFINITE_RECURSION = YES;
				CLANG_WARN_INT_CONVERSION = YES;
				CLANG_WARN_NON_LITERAL_NULL_CONVERSION = YES;
				CLANG_WARN_OBJC_IMPLICIT_RETAIN_SELF = YES;
				CLANG_WARN_OBJC_LITERAL_CONVERSION = YES;
				CLANG_WARN_OBJC_ROOT_CLASS = YES_ERROR;
				CLANG_WARN_QUOTED_INCLUDE_IN_FRAMEWORK_HEADER = YES;
				CLANG_WARN_RANGE_LOOP_ANALYSIS = YES;
				CLANG_WARN_STRICT_PROTOTYPES = YES;
				CLANG_WARN_SUSPICIOUS_MOVE = YES;
				CLANG_WARN_UNGUARDED_AVAILABILITY = YES_AGGRESSIVE;
				CLANG_WARN_UNREACHABLE_CODE = YES;
				CLANG_WARN__DUPLICATE_METHOD_MATCH = YES;
				COPY_PHASE_STRIP = NO;
				DEBUG_INFORMATION_FORMAT = "dwarf-with-dsym";
				ENABLE_NS_ASSERTIONS = NO;
				ENABLE_STRICT_OBJC_MSGSEND = YES;
				GCC_C_LANGUAGE_STANDARD = gnu11;
				GCC_NO_COMMON_BLOCKS = YES;
				GCC_WARN_64_TO_32_BIT_CONVERSION = YES;
				GCC_WARN_ABOUT_RETURN_TYPE = YES_ERROR;
				GCC_WARN_UNDECLARED_SELECTOR = YES;
				GCC_WARN_UNINITIALIZED_AUTOS = YES_AGGRESSIVE;
				GCC_WARN_UNUSED_FUNCTION = YES;
				GCC_WARN_UNUSED_VARIABLE = YES;
				IPHONEOS_DEPLOYMENT_TARGET = 15.0;
				MTL_ENABLE_DEBUG_INFO = NO;
				MTL_FAST_MATH = YES;
				SDKROOT = iphoneos;
				SWIFT_COMPILATION_MODE = wholemodule;
				SWIFT_OPTIMIZATION_LEVEL = "-O";
				VALIDATE_PRODUCT = YES;
			};
			name = Release;
		};
		D36F9DCC27563A1E005C8BC2 /* Debug */ = {
			isa = XCBuildConfiguration;
			buildSettings = {
				ASSETCATALOG_COMPILER_APPICON_NAME = AppIcon;
				ASSETCATALOG_COMPILER_GLOBAL_ACCENT_COLOR_NAME = AccentColor;
				CODE_SIGN_STYLE = Automatic;
				CURRENT_PROJECT_VERSION = 1;
				DEVELOPMENT_ASSET_PATHS = "\"scoutingNL/Preview Content\"";
				ENABLE_PREVIEWS = YES;
				GENERATE_INFOPLIST_FILE = YES;
				INFOPLIST_KEY_UIApplicationSceneManifest_Generation = YES;
				INFOPLIST_KEY_UIApplicationSupportsIndirectInputEvents = YES;
				INFOPLIST_KEY_UILaunchScreen_Generation = YES;
				INFOPLIST_KEY_UISupportedInterfaceOrientations_iPad = "UIInterfaceOrientationPortrait UIInterfaceOrientationPortraitUpsideDown UIInterfaceOrientationLandscapeLeft UIInterfaceOrientationLandscapeRight";
				INFOPLIST_KEY_UISupportedInterfaceOrientations_iPhone = "UIInterfaceOrientationPortrait UIInterfaceOrientationLandscapeLeft UIInterfaceOrientationLandscapeRight";
				LD_RUNPATH_SEARCH_PATHS = (
					"$(inherited)",
					"@executable_path/Frameworks",
				);
				MARKETING_VERSION = 1.0;
				PRODUCT_BUNDLE_IDENTIFIER = "Thijs-Govers.scoutingNL";
				PRODUCT_NAME = "$(TARGET_NAME)";
				SWIFT_EMIT_LOC_STRINGS = YES;
				SWIFT_VERSION = 5.0;
				TARGETED_DEVICE_FAMILY = "1,2";
			};
			name = Debug;
		};
		D36F9DCD27563A1E005C8BC2 /* Release */ = {
			isa = XCBuildConfiguration;
			buildSettings = {
				ASSETCATALOG_COMPILER_APPICON_NAME = AppIcon;
				ASSETCATALOG_COMPILER_GLOBAL_ACCENT_COLOR_NAME = AccentColor;
				CODE_SIGN_STYLE = Automatic;
				CURRENT_PROJECT_VERSION = 1;
				DEVELOPMENT_ASSET_PATHS = "\"scoutingNL/Preview Content\"";
				ENABLE_PREVIEWS = YES;
				GENERATE_INFOPLIST_FILE = YES;
				INFOPLIST_KEY_UIApplicationSceneManifest_Generation = YES;
				INFOPLIST_KEY_UIApplicationSupportsIndirectInputEvents = YES;
				INFOPLIST_KEY_UILaunchScreen_Generation = YES;
				INFOPLIST_KEY_UISupportedInterfaceOrientations_iPad = "UIInterfaceOrientationPortrait UIInterfaceOrientationPortraitUpsideDown UIInterfaceOrientationLandscapeLeft UIInterfaceOrientationLandscapeRight";
				INFOPLIST_KEY_UISupportedInterfaceOrientations_iPhone = "UIInterfaceOrientationPortrait UIInterfaceOrientationLandscapeLeft UIInterfaceOrientationLandscapeRight";
				LD_RUNPATH_SEARCH_PATHS = (
					"$(inherited)",
					"@executable_path/Frameworks",
				);
				MARKETING_VERSION = 1.0;
				PRODUCT_BUNDLE_IDENTIFIER = "Thijs-Govers.scoutingNL";
				PRODUCT_NAME = "$(TARGET_NAME)";
				SWIFT_EMIT_LOC_STRINGS = YES;
				SWIFT_VERSION = 5.0;
				TARGETED_DEVICE_FAMILY = "1,2";
			};
			name = Release;
		};
/* End XCBuildConfiguration section */

/* Begin XCConfigurationList section */
		D36F9DB827563A1B005C8BC2 /* Build configuration list for PBXProject "scoutingNL" */ = {
			isa = XCConfigurationList;
			buildConfigurations = (
				D36F9DC927563A1E005C8BC2 /* Debug */,
				D36F9DCA27563A1E005C8BC2 /* Release */,
			);
			defaultConfigurationIsVisible = 0;
			defaultConfigurationName = Release;
		};
		D36F9DCB27563A1E005C8BC2 /* Build configuration list for PBXNativeTarget "scoutingNL" */ = {
			isa = XCConfigurationList;
			buildConfigurations = (
				D36F9DCC27563A1E005C8BC2 /* Debug */,
				D36F9DCD27563A1E005C8BC2 /* Release */,
			);
			defaultConfigurationIsVisible = 0;
			defaultConfigurationName = Release;
		};
/* End XCConfigurationList section */
	};
	rootObject = D36F9DB527563A1B005C8BC2 /* Project object */;
}
